{
  "lockfileVersion": 1,
  "configVersion": 0,
  "workspaces": {
    "": {
      "name": "fitcircle",
      "dependencies": {
        "@amplitude/analytics-browser": "^2.25.4",
        "@amplitude/plugin-session-replay-browser": "^1.22.21",
      },
      "devDependencies": {
        "@types/node": "^20.11.0",
        "eslint": "^8.56.0",
        "pg": "^8.11.3",
        "prettier": "^3.2.4",
        "typescript": "^5.6.0",
      },
    },
    "apps/web": {
      "name": "@fitcircle/web",
      "version": "1.0.0",
      "dependencies": {
        "@amplitude/analytics-browser": "^2.11.8",
        "@amplitude/plugin-session-replay-browser": "^1.8.8",
        "@hookform/resolvers": "^3.9.1",
        "@radix-ui/react-alert-dialog": "^1.1.15",
        "@radix-ui/react-dialog": "^1.1.15",
        "@radix-ui/react-label": "^2.1.7",
        "@radix-ui/react-select": "^2.2.6",
        "@radix-ui/react-slot": "^1.2.3",
        "@radix-ui/react-switch": "^1.1.2",
        "@radix-ui/react-tabs": "^1.1.13",
        "@radix-ui/react-toast": "^1.2.15",
        "@supabase/auth-helpers-nextjs": "^0.10.0",
        "@supabase/ssr": "^0.5.0",
        "@supabase/supabase-js": "^2.45.0",
        "@tanstack/react-query": "^5.59.20",
        "@tanstack/react-query-devtools": "^5.59.20",
        "@types/canvas-confetti": "^1.9.0",
        "@types/jsonwebtoken": "^9.0.10",
        "@types/react-window": "^1.8.8",
        "@vercel/analytics": "^1.6.1",
        "canvas-confetti": "^1.9.3",
        "classnames": "^2.3.2",
        "date-fns": "^4.1.0",
        "framer-motion": "^11.13.1",
        "jsonwebtoken": "^3.0.1",
        "lucide-react": "^0.467.0",
        "next": "15.5.18",
        "react": "^19.0.0",
        "react-dom": "^19.0.0",
        "react-hook-form": "^7.53.0",
        "react-window": "^1.8.10",
        "tailwind-merge": "^1.5.2",
        "zod": "^3.23.8",
      },
      "devDependencies": {
        "@next/bundle-analyzer": "15.5.18",
        "@types/react": "^19.0.0",
        "@xyz/test": "^1.0.0",
      },
    },
  },
}
